
Microsoft Visual Studio Solution File, Format Version 12.00
# Visual Studio Version 17
VisualStudioVersion = 17.3.32819.101
MinimumVisualStudioVersion = 10.0.40219.1
Project("{FAE04EC0-301F-11D3-BF4B-00C04F79EFBC}") = "ConsoleApp1", "ConsoleApp1\ConsoleApp1.csproj", "{96895640-D225-4253-95C8-5B1F2FB668BC}"
EndProject
Project("{FAE04EC0-301F-11D3-BF4B-00C04F79EFBC}") = "ConsoleApp2", "ConsoleApp2\ConsoleApp2.csproj", "{A20F98C6-C298-4CFD-A48D-1C3F7107A4D8}"
EndProject
Project("{FAE04EC0-301F-11D3-BF4B-00C04F79EFBC}") = "ConsoleApp3", "ConsoleApp3\ConsoleApp3.csproj", "{4C3AEB67-121A-403E-B9A2-413564C2B996}"
EndProject
Project("{FAE04EC0-301F-11D3-BF4B-00C04F79EFBC}") = "ConsoleApp5", "ConsoleApp5\ConsoleApp5.csproj", "{0678E61C-A234-4E94-9285-1F7FE5DBF095}"
EndProject
Global
	GlobalSection(SolutionConfigurationPlatforms) = preSolution
		Debug|Any CPU = Debug|Any CPU
		Release|Any CPU = Release|Any CPU
	EndGlobalSection
	GlobalSection(ProjectConfigurationPlatforms) = postSolution
		{96895640-D225-4253-95C8-5B1F2FB668BC}.Debug|Any CPU.ActiveCfg = Debug|Any CPU
		{96895640-D225-4253-95C8-5B1F2FB668BC}.Debug|Any CPU.Build.0 = Debug|Any CPU
		{96895640-D225-4253-95C8-5B1F2FB668BC}.Release|Any CPU.ActiveCfg = Release|Any CPU
		{96895640-D225-4253-95C8-5B1F2FB668BC}.Release|Any CPU.Build.0 = Release|Any CPU
		{A20F98C6-C298-4CFD-A48D-1C3F7107A4D8}.Debug|Any CPU.ActiveCfg = Debug|Any CPU
		{A20F98C6-C298-4CFD-A48D-1C3F7107A4D8}.Debug|Any CPU.Build.0 = Debug|Any CPU
		{A20F98C6-C298-4CFD-A48D-1C3F7107A4D8}.Release|Any CPU.ActiveCfg = Release|Any CPU
		{A20F98C6-C298-4CFD-A48D-1C3F7107A4D8}.Release|Any CPU.Build.0 = Release|Any CPU
		{4C3AEB67-121A-403E-B9A2-413564C2B996}.Debug|Any CPU.ActiveCfg = Debug|Any CPU
		{4C3AEB67-121A-403E-B9A2-413564C2B996}.Debug|Any CPU.Build.0 = Debug|Any CPU
		{4C3AEB67-121A-403E-B9A2-413564C2B996}.Release|Any CPU.ActiveCfg = Release|Any CPU
		{4C3AEB67-121A-403E-B9A2-413564C2B996}.Release|Any CPU.Build.0 = Release|Any CPU
		{0678E61C-A234-4E94-9285-1F7FE5DBF095}.Debug|Any CPU.ActiveCfg = Debug|Any CPU
		{0678E61C-A234-4E94-9285-1F7FE5DBF095}.Debug|Any CPU.Build.0 = Debug|Any CPU
		{0678E61C-A234-4E94-9285-1F7FE5DBF095}.Release|Any CPU.ActiveCfg = Release|Any CPU
		{0678E61C-A234-4E94-9285-1F7FE5DBF095}.Release|Any CPU.Build.0 = Release|Any CPU
	EndGlobalSection
	GlobalSection(SolutionProperties) = preSolution
		HideSolutionNode = FALSE
	EndGlobalSection
	GlobalSection(ExtensibilityGlobals) = postSolution
		SolutionGuid = {2B6B2F28-E4D5-4C55-92B0-ABAEB6832577}
	EndGlobalSection
EndGlobal
